
Microsoft Visual Studio Solution File, Format Version 12.00
# Visual Studio Version 17
VisualStudioVersion = 17.4.33110.190
MinimumVisualStudioVersion = 10.0.40219.1
Project("{FAE04EC0-301F-11D3-BF4B-00C04F79EFBC}") = "Module5HW1", "Module5HW1\Module5HW1.csproj", "{989E1C97-C8B2-42C6-9834-5E155BE48263}"
EndProject
Global
	GlobalSection(SolutionConfigurationPlatforms) = preSolution
		Debug|Any CPU = Debug|Any CPU
		Release|Any CPU = Release|Any CPU
	EndGlobalSection
	GlobalSection(ProjectConfigurationPlatforms) = postSolution
		{989E1C97-C8B2-42C6-9834-5E155BE48263}.Debug|Any CPU.ActiveCfg = Debug|Any CPU
		{989E1C97-C8B2-42C6-9834-5E155BE48263}.Debug|Any CPU.Build.0 = Debug|Any CPU
		{989E1C97-C8B2-42C6-9834-5E155BE48263}.Release|Any CPU.ActiveCfg = Release|Any CPU
		{989E1C97-C8B2-42C6-9834-5E155BE48263}.Release|Any CPU.Build.0 = Release|Any CPU
	EndGlobalSection
	GlobalSection(SolutionProperties) = preSolution
		HideSolutionNode = FALSE
	EndGlobalSection
	GlobalSection(ExtensibilityGlobals) = postSolution
		SolutionGuid = {826860D0-D76D-448C-8370-E76C335C03DB}
	EndGlobalSection
EndGlobal
